
Microsoft Visual Studio Solution File, Format Version 12.00
# Visual Studio Version 17
VisualStudioVersion = 17.8.34330.188
MinimumVisualStudioVersion = 10.0.40219.1
Project("{FAE04EC0-301F-11D3-BF4B-00C04F79EFBC}") = "BloodFlow.PresentaionLayer", "BloodFlow\BloodFlow.PresentaionLayer.csproj", "{0A317520-87F4-46F0-BB07-81483922D0B1}"
EndProject
Project("{FAE04EC0-301F-11D3-BF4B-00C04F79EFBC}") = "BloodFlow.DataLayer", "BloodFlow.DataLayer\BloodFlow.DataLayer.csproj", "{237BED3F-D84C-4C41-98E6-065E35554763}"
EndProject
Project("{FAE04EC0-301F-11D3-BF4B-00C04F79EFBC}") = "BloodFlow.BuisnessLayer", "BloodFlow.BuisnessLayer\BloodFlow.BuisnessLayer.csproj", "{6743CBA4-75AB-4AAD-9284-DD3E84384E2A}"
EndProject
Project("{FAE04EC0-301F-11D3-BF4B-00C04F79EFBC}") = "BloodFlow.Infrastructure", "BloodFlow.Infrastructure\BloodFlow.Infrastructure.csproj", "{AA4EC9CF-98DE-4A9F-AB3C-778AE31EB5F2}"
EndProject
Global
	GlobalSection(SolutionConfigurationPlatforms) = preSolution
		Debug|Any CPU = Debug|Any CPU
		Release|Any CPU = Release|Any CPU
	EndGlobalSection
	GlobalSection(ProjectConfigurationPlatforms) = postSolution
		{0A317520-87F4-46F0-BB07-81483922D0B1}.Debug|Any CPU.ActiveCfg = Debug|Any CPU
		{0A317520-87F4-46F0-BB07-81483922D0B1}.Debug|Any CPU.Build.0 = Debug|Any CPU
		{0A317520-87F4-46F0-BB07-81483922D0B1}.Release|Any CPU.ActiveCfg = Release|Any CPU
		{0A317520-87F4-46F0-BB07-81483922D0B1}.Release|Any CPU.Build.0 = Release|Any CPU
		{237BED3F-D84C-4C41-98E6-065E35554763}.Debug|Any CPU.ActiveCfg = Debug|Any CPU
		{237BED3F-D84C-4C41-98E6-065E35554763}.Debug|Any CPU.Build.0 = Debug|Any CPU
		{237BED3F-D84C-4C41-98E6-065E35554763}.Release|Any CPU.ActiveCfg = Release|Any CPU
		{237BED3F-D84C-4C41-98E6-065E35554763}.Release|Any CPU.Build.0 = Release|Any CPU
		{6743CBA4-75AB-4AAD-9284-DD3E84384E2A}.Debug|Any CPU.ActiveCfg = Debug|Any CPU
		{6743CBA4-75AB-4AAD-9284-DD3E84384E2A}.Debug|Any CPU.Build.0 = Debug|Any CPU
		{6743CBA4-75AB-4AAD-9284-DD3E84384E2A}.Release|Any CPU.ActiveCfg = Release|Any CPU
		{6743CBA4-75AB-4AAD-9284-DD3E84384E2A}.Release|Any CPU.Build.0 = Release|Any CPU
		{AA4EC9CF-98DE-4A9F-AB3C-778AE31EB5F2}.Debug|Any CPU.ActiveCfg = Debug|Any CPU
		{AA4EC9CF-98DE-4A9F-AB3C-778AE31EB5F2}.Debug|Any CPU.Build.0 = Debug|Any CPU
		{AA4EC9CF-98DE-4A9F-AB3C-778AE31EB5F2}.Release|Any CPU.ActiveCfg = Release|Any CPU
		{AA4EC9CF-98DE-4A9F-AB3C-778AE31EB5F2}.Release|Any CPU.Build.0 = Release|Any CPU
	EndGlobalSection
	GlobalSection(SolutionProperties) = preSolution
		HideSolutionNode = FALSE
	EndGlobalSection
	GlobalSection(ExtensibilityGlobals) = postSolution
		SolutionGuid = {1FC2C8C9-1995-4E0D-AA88-31083D969DEA}
	EndGlobalSection
EndGlobal
